// !$*UTF8*$!
{
	archiveVersion = 1;
	classes = {
	};
	objectVersion = 55;
	objects = {

/* Begin PBXBuildFile section */
		8DE54DB828649EFD006FABF3 /* SwiftUiThreeApp.swift in Sources */ = {isa = PBXBuildFile; fileRef = 8DE54DB728649EFD006FABF3 /* SwiftUiThreeApp.swift */; };
		8DE54DBC28649EFF006FABF3 /* Assets.xcassets in Resources */ = {isa = PBXBuildFile; fileRef = 8DE54DBB28649EFF006FABF3 /* Assets.xcassets */; };
		8DE54DBF28649EFF006FABF3 /* Preview Assets.xcassets in Resources */ = {isa = PBXBuildFile; fileRef = 8DE54DBE28649EFF006FABF3 /* Preview Assets.xcassets */; };
		8DE54DC128649EFF006FABF3 /* Persistence.swift in Sources */ = {isa = PBXBuildFile; fileRef = 8DE54DC028649EFF006FABF3 /* Persistence.swift */; };
		8DE54DC428649EFF006FABF3 /* SwiftUiThree.xcdatamodeld in Sources */ = {isa = PBXBuildFile; fileRef = 8DE54DC228649EFF006FABF3 /* SwiftUiThree.xcdatamodeld */; };
		8DE54DCE28649EFF006FABF3 /* SwiftUiThreeTests.swift in Sources */ = {isa = PBXBuildFile; fileRef = 8DE54DCD28649EFF006FABF3 /* SwiftUiThreeTests.swift */; };
		8DE54DD828649EFF006FABF3 /* SwiftUiThreeUITests.swift in Sources */ = {isa = PBXBuildFile; fileRef = 8DE54DD728649EFF006FABF3 /* SwiftUiThreeUITests.swift */; };
		8DE54DDA28649EFF006FABF3 /* SwiftUiThreeUITestsLaunchTests.swift in Sources */ = {isa = PBXBuildFile; fileRef = 8DE54DD928649EFF006FABF3 /* SwiftUiThreeUITestsLaunchTests.swift */; };
		8DE54DE828649F15006FABF3 /* HomeScreen.swift in Sources */ = {isa = PBXBuildFile; fileRef = 8DE54DE728649F15006FABF3 /* HomeScreen.swift */; };
		8DE54DEA28658DFB006FABF3 /* Task1Screen.swift in Sources */ = {isa = PBXBuildFile; fileRef = 8DE54DE928658DFB006FABF3 /* Task1Screen.swift */; };
		8DE54DED28658F9B006FABF3 /* Task3Screen.swift in Sources */ = {isa = PBXBuildFile; fileRef = 8DE54DEC28658F9B006FABF3 /* Task3Screen.swift */; };
		8DE54DEF28658FB3006FABF3 /* Task4Screen.swift in Sources */ = {isa = PBXBuildFile; fileRef = 8DE54DEE28658FB3006FABF3 /* Task4Screen.swift */; };
/* End PBXBuildFile section */

/* Begin PBXContainerItemProxy section */
		8DE54DCA28649EFF006FABF3 /* PBXContainerItemProxy */ = {
			isa = PBXContainerItemProxy;
			containerPortal = 8DE54DAC28649EFD006FABF3 /* Project object */;
			proxyType = 1;
			remoteGlobalIDString = 8DE54DB328649EFD006FABF3;
			remoteInfo = SwiftUiThree;
		};
		8DE54DD428649EFF006FABF3 /* PBXContainerItemProxy */ = {
			isa = PBXContainerItemProxy;
			containerPortal = 8DE54DAC28649EFD006FABF3 /* Project object */;
			proxyType = 1;
			remoteGlobalIDString = 8DE54DB328649EFD006FABF3;
			remoteInfo = SwiftUiThree;
		};
/* End PBXContainerItemProxy section */

/* Begin PBXFileReference section */
		8DE54DB428649EFD006FABF3 /* SwiftUiThree.app */ = {isa = PBXFileReference; explicitFileType = wrapper.application; includeInIndex = 0; path = SwiftUiThree.app; sourceTree = BUILT_PRODUCTS_DIR; };
		8DE54DB728649EFD006FABF3 /* SwiftUiThreeApp.swift */ = {isa = PBXFileReference; lastKnownFileType = sourcecode.swift; path = SwiftUiThreeApp.swift; sourceTree = "<group>"; };
		8DE54DBB28649EFF006FABF3 /* Assets.xcassets */ = {isa = PBXFileReference; lastKnownFileType = folder.assetcatalog; path = Assets.xcassets; sourceTree = "<group>"; };
		8DE54DBE28649EFF006FABF3 /* Preview Assets.xcassets */ = {isa = PBXFileReference; lastKnownFileType = folder.assetcatalog; path = "Preview Assets.xcassets"; sourceTree = "<group>"; };
		8DE54DC028649EFF006FABF3 /* Persistence.swift */ = {isa = PBXFileReference; lastKnownFileType = sourcecode.swift; path = Persistence.swift; sourceTree = "<group>"; };
		8DE54DC328649EFF006FABF3 /* SwiftUiThree.xcdatamodel */ = {isa = PBXFileReference; lastKnownFileType = wrapper.xcdatamodel; path = SwiftUiThree.xcdatamodel; sourceTree = "<group>"; };
		8DE54DC928649EFF006FABF3 /* SwiftUiThreeTests.xctest */ = {isa = PBXFileReference; explicitFileType = wrapper.cfbundle; includeInIndex = 0; path = SwiftUiThreeTests.xctest; sourceTree = BUILT_PRODUCTS_DIR; };
		8DE54DCD28649EFF006FABF3 /* SwiftUiThreeTests.swift */ = {isa = PBXFileReference; lastKnownFileType = sourcecode.swift; path = SwiftUiThreeTests.swift; sourceTree = "<group>"; };
		8DE54DD328649EFF006FABF3 /* SwiftUiThreeUITests.xctest */ = {isa = PBXFileReference; explicitFileType = wrapper.cfbundle; includeInIndex = 0; path = SwiftUiThreeUITests.xctest; sourceTree = BUILT_PRODUCTS_DIR; };
		8DE54DD728649EFF006FABF3 /* SwiftUiThreeUITests.swift */ = {isa = PBXFileReference; lastKnownFileType = sourcecode.swift; path = SwiftUiThreeUITests.swift; sourceTree = "<group>"; };
		8DE54DD928649EFF006FABF3 /* SwiftUiThreeUITestsLaunchTests.swift */ = {isa = PBXFileReference; lastKnownFileType = sourcecode.swift; path = SwiftUiThreeUITestsLaunchTests.swift; sourceTree = "<group>"; };
		8DE54DE728649F15006FABF3 /* HomeScreen.swift */ = {isa = PBXFileReference; lastKnownFileType = sourcecode.swift; path = HomeScreen.swift; sourceTree = "<group>"; };
		8DE54DE928658DFB006FABF3 /* Task1Screen.swift */ = {isa = PBXFileReference; lastKnownFileType = sourcecode.swift; path = Task1Screen.swift; sourceTree = "<group>"; };
		8DE54DEC28658F9B006FABF3 /* Task3Screen.swift */ = {isa = PBXFileReference; lastKnownFileType = sourcecode.swift; path = Task3Screen.swift; sourceTree = "<group>"; };
		8DE54DEE28658FB3006FABF3 /* Task4Screen.swift */ = {isa = PBXFileReference; lastKnownFileType = sourcecode.swift; path = Task4Screen.swift; sourceTree = "<group>"; };
/* End PBXFileReference section */

/* Begin PBXFrameworksBuildPhase section */
		8DE54DB128649EFD006FABF3 /* Frameworks */ = {
			isa = PBXFrameworksBuildPhase;
			buildActionMask = 2147483647;
			files = (
			);
			runOnlyForDeploymentPostprocessing = 0;
		};
		8DE54DC628649EFF006FABF3 /* Frameworks */ = {
			isa = PBXFrameworksBuildPhase;
			buildActionMask = 2147483647;
			files = (
			);
			runOnlyForDeploymentPostprocessing = 0;
		};
		8DE54DD028649EFF006FABF3 /* Frameworks */ = {
			isa = PBXFrameworksBuildPhase;
			buildActionMask = 2147483647;
			files = (
			);
			runOnlyForDeploymentPostprocessing = 0;
		};
/* End PBXFrameworksBuildPhase section */

/* Begin PBXGroup section */
		8DE54DAB28649EFD006FABF3 = {
			isa = PBXGroup;
			children = (
				8DE54DB628649EFD006FABF3 /* SwiftUiThree */,
				8DE54DCC28649EFF006FABF3 /* SwiftUiThreeTests */,
				8DE54DD628649EFF006FABF3 /* SwiftUiThreeUITests */,
				8DE54DB528649EFD006FABF3 /* Products */,
			);
			sourceTree = "<group>";
		};
		8DE54DB528649EFD006FABF3 /* Products */ = {
			isa = PBXGroup;
			children = (
				8DE54DB428649EFD006FABF3 /* SwiftUiThree.app */,
				8DE54DC928649EFF006FABF3 /* SwiftUiThreeTests.xctest */,
				8DE54DD328649EFF006FABF3 /* SwiftUiThreeUITests.xctest */,
			);
			name = Products;
			sourceTree = "<group>";
		};
		8DE54DB628649EFD006FABF3 /* SwiftUiThree */ = {
			isa = PBXGroup;
			children = (
				8DE54DE628649F04006FABF3 /* Screens */,
				8DE54DB728649EFD006FABF3 /* SwiftUiThreeApp.swift */,
				8DE54DBB28649EFF006FABF3 /* Assets.xcassets */,
				8DE54DC028649EFF006FABF3 /* Persistence.swift */,
				8DE54DC228649EFF006FABF3 /* SwiftUiThree.xcdatamodeld */,
				8DE54DBD28649EFF006FABF3 /* Preview Content */,
			);
			path = SwiftUiThree;
			sourceTree = "<group>";
		};
		8DE54DBD28649EFF006FABF3 /* Preview Content */ = {
			isa = PBXGroup;
			children = (
				8DE54DBE28649EFF006FABF3 /* Preview Assets.xcassets */,
			);
			path = "Preview Content";
			sourceTree = "<group>";
		};
		8DE54DCC28649EFF006FABF3 /* SwiftUiThreeTests */ = {
			isa = PBXGroup;
			children = (
				8DE54DCD28649EFF006FABF3 /* SwiftUiThreeTests.swift */,
			);
			path = SwiftUiThreeTests;
			sourceTree = "<group>";
		};
		8DE54DD628649EFF006FABF3 /* SwiftUiThreeUITests */ = {
			isa = PBXGroup;
			children = (
				8DE54DD728649EFF006FABF3 /* SwiftUiThreeUITests.swift */,
				8DE54DD928649EFF006FABF3 /* SwiftUiThreeUITestsLaunchTests.swift */,
			);
			path = SwiftUiThreeUITests;
			sourceTree = "<group>";
		};
		8DE54DE628649F04006FABF3 /* Screens */ = {
			isa = PBXGroup;
			children = (
				8DE54DE728649F15006FABF3 /* HomeScreen.swift */,
				8DE54DE928658DFB006FABF3 /* Task1Screen.swift */,
				8DE54DEC28658F9B006FABF3 /* Task3Screen.swift */,
				8DE54DEE28658FB3006FABF3 /* Task4Screen.swift */,
			);
			path = Screens;
			sourceTree = "<group>";
		};
/* End PBXGroup section */

/* Begin PBXNativeTarget section */
		8DE54DB328649EFD006FABF3 /* SwiftUiThree */ = {
			isa = PBXNativeTarget;
			buildConfigurationList = 8DE54DDD28649EFF006FABF3 /* Build configuration list for PBXNativeTarget "SwiftUiThree" */;
			buildPhases = (
				8DE54DB028649EFD006FABF3 /* Sources */,
				8DE54DB128649EFD006FABF3 /* Frameworks */,
				8DE54DB228649EFD006FABF3 /* Resources */,
			);
			buildRules = (
			);
			dependencies = (
			);
			name = SwiftUiThree;
			productName = SwiftUiThree;
			productReference = 8DE54DB428649EFD006FABF3 /* SwiftUiThree.app */;
			productType = "com.apple.product-type.application";
		};
		8DE54DC828649EFF006FABF3 /* SwiftUiThreeTests */ = {
			isa = PBXNativeTarget;
			buildConfigurationList = 8DE54DE028649EFF006FABF3 /* Build configuration list for PBXNativeTarget "SwiftUiThreeTests" */;
			buildPhases = (
				8DE54DC528649EFF006FABF3 /* Sources */,
				8DE54DC628649EFF006FABF3 /* Frameworks */,
				8DE54DC728649EFF006FABF3 /* Resources */,
			);
			buildRules = (
			);
			dependencies = (
				8DE54DCB28649EFF006FABF3 /* PBXTargetDependency */,
			);
			name = SwiftUiThreeTests;
			productName = SwiftUiThreeTests;
			productReference = 8DE54DC928649EFF006FABF3 /* SwiftUiThreeTests.xctest */;
			productType = "com.apple.product-type.bundle.unit-test";
		};
		8DE54DD228649EFF006FABF3 /* SwiftUiThreeUITests */ = {
			isa = PBXNativeTarget;
			buildConfigurationList = 8DE54DE328649EFF006FABF3 /* Build configuration list for PBXNativeTarget "SwiftUiThreeUITests" */;
			buildPhases = (
				8DE54DCF28649EFF006FABF3 /* Sources */,
				8DE54DD028649EFF006FABF3 /* Frameworks */,
				8DE54DD128649EFF006FABF3 /* Resources */,
			);
			buildRules = (
			);
			dependencies = (
				8DE54DD528649EFF006FABF3 /* PBXTargetDependency */,
			);
			name = SwiftUiThreeUITests;
			productName = SwiftUiThreeUITests;
			productReference = 8DE54DD328649EFF006FABF3 /* SwiftUiThreeUITests.xctest */;
			productType = "com.apple.product-type.bundle.ui-testing";
		};
/* End PBXNativeTarget section */

/* Begin PBXProject section */
		8DE54DAC28649EFD006FABF3 /* Project object */ = {
			isa = PBXProject;
			attributes = {
				BuildIndependentTargetsInParallel = 1;
				LastSwiftUpdateCheck = 1340;
				LastUpgradeCheck = 1340;
				TargetAttributes = {
					8DE54DB328649EFD006FABF3 = {
						CreatedOnToolsVersion = 13.4.1;
					};
					8DE54DC828649EFF006FABF3 = {
						CreatedOnToolsVersion = 13.4.1;
						TestTargetID = 8DE54DB328649EFD006FABF3;
					};
					8DE54DD228649EFF006FABF3 = {
						CreatedOnToolsVersion = 13.4.1;
						TestTargetID = 8DE54DB328649EFD006FABF3;
					};
				};
			};
			buildConfigurationList = 8DE54DAF28649EFD006FABF3 /* Build configuration list for PBXProject "SwiftUiThree" */;
			compatibilityVersion = "Xcode 13.0";
			developmentRegion = en;
			hasScannedForEncodings = 0;
			knownRegions = (
				en,
				Base,
			);
			mainGroup = 8DE54DAB28649EFD006FABF3;
			productRefGroup = 8DE54DB528649EFD006FABF3 /* Products */;
			projectDirPath = "";
			projectRoot = "";
			targets = (
				8DE54DB328649EFD006FABF3 /* SwiftUiThree */,
				8DE54DC828649EFF006FABF3 /* SwiftUiThreeTests */,
				8DE54DD228649EFF006FABF3 /* SwiftUiThreeUITests */,
			);
		};
/* End PBXProject section */

/* Begin PBXResourcesBuildPhase section */
		8DE54DB228649EFD006FABF3 /* Resources */ = {
			isa = PBXResourcesBuildPhase;
			buildActionMask = 2147483647;
			files = (
				8DE54DBF28649EFF006FABF3 /* Preview Assets.xcassets in Resources */,
				8DE54DBC28649EFF006FABF3 /* Assets.xcassets in Resources */,
			);
			runOnlyForDeploymentPostprocessing = 0;
		};
		8DE54DC728649EFF006FABF3 /* Resources */ = {
			isa = PBXResourcesBuildPhase;
			buildActionMask = 2147483647;
			files = (
			);
			runOnlyForDeploymentPostprocessing = 0;
		};
		8DE54DD128649EFF006FABF3 /* Resources */ = {
			isa = PBXResourcesBuildPhase;
			buildActionMask = 2147483647;
			files = (
			);
			runOnlyForDeploymentPostprocessing = 0;
		};
/* End PBXResourcesBuildPhase section */

/* Begin PBXSourcesBuildPhase section */
		8DE54DB028649EFD006FABF3 /* Sources */ = {
			isa = PBXSourcesBuildPhase;
			buildActionMask = 2147483647;
			files = (
				8DE54DC428649EFF006FABF3 /* SwiftUiThree.xcdatamodeld in Sources */,
				8DE54DE828649F15006FABF3 /* HomeScreen.swift in Sources */,
				8DE54DEF28658FB3006FABF3 /* Task4Screen.swift in Sources */,
				8DE54DC128649EFF006FABF3 /* Persistence.swift in Sources */,
				8DE54DB828649EFD006FABF3 /* SwiftUiThreeApp.swift in Sources */,
				8DE54DED28658F9B006FABF3 /* Task3Screen.swift in Sources */,
				8DE54DEA28658DFB006FABF3 /* Task1Screen.swift in Sources */,
			);
			runOnlyForDeploymentPostprocessing = 0;
		};
		8DE54DC528649EFF006FABF3 /* Sources */ = {
			isa = PBXSourcesBuildPhase;
			buildActionMask = 2147483647;
			files = (
				8DE54DCE28649EFF006FABF3 /* SwiftUiThreeTests.swift in Sources */,
			);
			runOnlyForDeploymentPostprocessing = 0;
		};
		8DE54DCF28649EFF006FABF3 /* Sources */ = {
			isa = PBXSourcesBuildPhase;
			buildActionMask = 2147483647;
			files = (
				8DE54DD828649EFF006FABF3 /* SwiftUiThreeUITests.swift in Sources */,
				8DE54DDA28649EFF006FABF3 /* SwiftUiThreeUITestsLaunchTests.swift in Sources */,
			);
			runOnlyForDeploymentPostprocessing = 0;
		};
/* End PBXSourcesBuildPhase section */

/* Begin PBXTargetDependency section */
		8DE54DCB28649EFF006FABF3 /* PBXTargetDependency */ = {
			isa = PBXTargetDependency;
			target = 8DE54DB328649EFD006FABF3 /* SwiftUiThree */;
			targetProxy = 8DE54DCA28649EFF006FABF3 /* PBXContainerItemProxy */;
		};
		8DE54DD528649EFF006FABF3 /* PBXTargetDependency */ = {
			isa = PBXTargetDependency;
			target = 8DE54DB328649EFD006FABF3 /* SwiftUiThree */;
			targetProxy = 8DE54DD428649EFF006FABF3 /* PBXContainerItemProxy */;
		};
/* End PBXTargetDependency section */

/* Begin XCBuildConfiguration section */
		8DE54DDB28649EFF006FABF3 /* Debug */ = {
			isa = XCBuildConfiguration;
			buildSettings = {
				ALWAYS_SEARCH_USER_PATHS = NO;
				CLANG_ANALYZER_NONNULL = YES;
				CLANG_ANALYZER_NUMBER_OBJECT_CONVERSION = YES_AGGRESSIVE;
				CLANG_CXX_LANGUAGE_STANDARD = "gnu++17";
				CLANG_ENABLE_MODULES = YES;
				CLANG_ENABLE_OBJC_ARC = YES;
				CLANG_ENABLE_OBJC_WEAK = YES;
				CLANG_WARN_BLOCK_CAPTURE_AUTORELEASING = YES;
				CLANG_WARN_BOOL_CONVERSION = YES;
				CLANG_WARN_COMMA = YES;
				CLANG_WARN_CONSTANT_CONVERSION = YES;
				CLANG_WARN_DEPRECATED_OBJC_IMPLEMENTATIONS = YES;
				CLANG_WARN_DIRECT_OBJC_ISA_USAGE = YES_ERROR;
				CLANG_WARN_DOCUMENTATION_COMMENTS = YES;
				CLANG_WARN_EMPTY_BODY = YES;
				CLANG_WARN_ENUM_CONVERSION = YES;
				CLANG_WARN_INFINITE_RECURSION = YES;
				CLANG_WARN_INT_CONVERSION = YES;
				CLANG_WARN_NON_LITERAL_NULL_CONVERSION = YES;
				CLANG_WARN_OBJC_IMPLICIT_RETAIN_SELF = YES;
				CLANG_WARN_OBJC_LITERAL_CONVERSION = YES;
				CLANG_WARN_OBJC_ROOT_CLASS = YES_ERROR;
				CLANG_WARN_QUOTED_INCLUDE_IN_FRAMEWORK_HEADER = YES;
				CLANG_WARN_RANGE_LOOP_ANALYSIS = YES;
				CLANG_WARN_STRICT_PROTOTYPES = YES;
				CLANG_WARN_SUSPICIOUS_MOVE = YES;
				CLANG_WARN_UNGUARDED_AVAILABILITY = YES_AGGRESSIVE;
				CLANG_WARN_UNREACHABLE_CODE = YES;
				CLANG_WARN__DUPLICATE_METHOD_MATCH = YES;
				COPY_PHASE_STRIP = NO;
				DEBUG_INFORMATION_FORMAT = dwarf;
				ENABLE_STRICT_OBJC_MSGSEND = YES;
				ENABLE_TESTABILITY = YES;
				GCC_C_LANGUAGE_STANDARD = gnu11;
				GCC_DYNAMIC_NO_PIC = NO;
				GCC_NO_COMMON_BLOCKS = YES;
				GCC_OPTIMIZATION_LEVEL = 0;
				GCC_PREPROCESSOR_DEFINITIONS = (
					"DEBUG=1",
					"$(inherited)",
				);
				GCC_WARN_64_TO_32_BIT_CONVERSION = YES;
				GCC_WARN_ABOUT_RETURN_TYPE = YES_ERROR;
				GCC_WARN_UNDECLARED_SELECTOR = YES;
				GCC_WARN_UNINITIALIZED_AUTOS = YES_AGGRESSIVE;
				GCC_WARN_UNUSED_FUNCTION = YES;
				GCC_WARN_UNUSED_VARIABLE = YES;
				IPHONEOS_DEPLOYMENT_TARGET = 15.5;
				MTL_ENABLE_DEBUG_INFO = INCLUDE_SOURCE;
				MTL_FAST_MATH = YES;
				ONLY_ACTIVE_ARCH = YES;
				SDKROOT = iphoneos;
				SWIFT_ACTIVE_COMPILATION_CONDITIONS = DEBUG;
				SWIFT_OPTIMIZATION_LEVEL = "-Onone";
			};
			name = Debug;
		};
		8DE54DDC28649EFF006FABF3 /* Release */ = {
			isa = XCBuildConfiguration;
			buildSettings = {
				ALWAYS_SEARCH_USER_PATHS = NO;
				CLANG_ANALYZER_NONNULL = YES;
				CLANG_ANALYZER_NUMBER_OBJECT_CONVERSION = YES_AGGRESSIVE;
				CLANG_CXX_LANGUAGE_STANDARD = "gnu++17";
				CLANG_ENABLE_MODULES = YES;
				CLANG_ENABLE_OBJC_ARC = YES;
				CLANG_ENABLE_OBJC_WEAK = YES;
				CLANG_WARN_BLOCK_CAPTURE_AUTORELEASING = YES;
				CLANG_WARN_BOOL_CONVERSION = YES;
				CLANG_WARN_COMMA = YES;
				CLANG_WARN_CONSTANT_CONVERSION = YES;
				CLANG_WARN_DEPRECATED_OBJC_IMPLEMENTATIONS = YES;
				CLANG_WARN_DIRECT_OBJC_ISA_USAGE = YES_ERROR;
				CLANG_WARN_DOCUMENTATION_COMMENTS = YES;
				CLANG_WARN_EMPTY_BODY = YES;
				CLANG_WARN_ENUM_CONVERSION = YES;
				CLANG_WARN_INFINITE_RECURSION = YES;
				CLANG_WARN_INT_CONVERSION = YES;
				CLANG_WARN_NON_LITERAL_NULL_CONVERSION = YES;
				CLANG_WARN_OBJC_IMPLICIT_RETAIN_SELF = YES;
				CLANG_WARN_OBJC_LITERAL_CONVERSION = YES;
				CLANG_WARN_OBJC_ROOT_CLASS = YES_ERROR;
				CLANG_WARN_QUOTED_INCLUDE_IN_FRAMEWORK_HEADER = YES;
				CLANG_WARN_RANGE_LOOP_ANALYSIS = YES;
				CLANG_WARN_STRICT_PROTOTYPES = YES;
				CLANG_WARN_SUSPICIOUS_MOVE = YES;
				CLANG_WARN_UNGUARDED_AVAILABILITY = YES_AGGRESSIVE;
				CLANG_WARN_UNREACHABLE_CODE = YES;
				CLANG_WARN__DUPLICATE_METHOD_MATCH = YES;
				COPY_PHASE_STRIP = NO;
				DEBUG_INFORMATION_FORMAT = "dwarf-with-dsym";
				ENABLE_NS_ASSERTIONS = NO;
				ENABLE_STRICT_OBJC_MSGSEND = YES;
				GCC_C_LANGUAGE_STANDARD = gnu11;
				GCC_NO_COMMON_BLOCKS = YES;
				GCC_WARN_64_TO_32_BIT_CONVERSION = YES;
				GCC_WARN_ABOUT_RETURN_TYPE = YES_ERROR;
				GCC_WARN_UNDECLARED_SELECTOR = YES;
				GCC_WARN_UNINITIALIZED_AUTOS = YES_AGGRESSIVE;
				GCC_WARN_UNUSED_FUNCTION = YES;
				GCC_WARN_UNUSED_VARIABLE = YES;
				IPHONEOS_DEPLOYMENT_TARGET = 15.5;
				MTL_ENABLE_DEBUG_INFO = NO;
				MTL_FAST_MATH = YES;
				SDKROOT = iphoneos;
				SWIFT_COMPILATION_MODE = wholemodule;
				SWIFT_OPTIMIZATION_LEVEL = "-O";
				VALIDATE_PRODUCT = YES;
			};
			name = Release;
		};
		8DE54DDE28649EFF006FABF3 /* Debug */ = {
			isa = XCBuildConfiguration;
			buildSettings = {
				ASSETCATALOG_COMPILER_APPICON_NAME = AppIcon;
				ASSETCATALOG_COMPILER_GLOBAL_ACCENT_COLOR_NAME = AccentColor;
				CODE_SIGN_STYLE = Automatic;
				CURRENT_PROJECT_VERSION = 1;
				DEVELOPMENT_ASSET_PATHS = "\"SwiftUiThree/Preview Content\"";
				DEVELOPMENT_TEAM = 9D9LQFC4NQ;
				ENABLE_PREVIEWS = YES;
				GENERATE_INFOPLIST_FILE = YES;
				INFOPLIST_KEY_UIApplicationSceneManifest_Generation = YES;
				INFOPLIST_KEY_UIApplicationSupportsIndirectInputEvents = YES;
				INFOPLIST_KEY_UILaunchScreen_Generation = YES;
				INFOPLIST_KEY_UISupportedInterfaceOrientations_iPad = "UIInterfaceOrientationPortrait UIInterfaceOrientationPortraitUpsideDown UIInterfaceOrientationLandscapeLeft UIInterfaceOrientationLandscapeRight";
				INFOPLIST_KEY_UISupportedInterfaceOrientations_iPhone = "UIInterfaceOrientationPortrait UIInterfaceOrientationLandscapeLeft UIInterfaceOrientationLandscapeRight";
				LD_RUNPATH_SEARCH_PATHS = (
					"$(inherited)",
					"@executable_path/Frameworks",
				);
				MARKETING_VERSION = 1.0;
				PRODUCT_BUNDLE_IDENTIFIER = uz.karavella.SwiftUiThree;
				PRODUCT_NAME = "$(TARGET_NAME)";
				SWIFT_EMIT_LOC_STRINGS = YES;
				SWIFT_VERSION = 5.0;
				TARGETED_DEVICE_FAMILY = "1,2";
			};
			name = Debug;
		};
		8DE54DDF28649EFF006FABF3 /* Release */ = {
			isa = XCBuildConfiguration;
			buildSettings = {
				ASSETCATALOG_COMPILER_APPICON_NAME = AppIcon;
				ASSETCATALOG_COMPILER_GLOBAL_ACCENT_COLOR_NAME = AccentColor;
				CODE_SIGN_STYLE = Automatic;
				CURRENT_PROJECT_VERSION = 1;
				DEVELOPMENT_ASSET_PATHS = "\"SwiftUiThree/Preview Content\"";
				DEVELOPMENT_TEAM = 9D9LQFC4NQ;
				ENABLE_PREVIEWS = YES;
				GENERATE_INFOPLIST_FILE = YES;
				INFOPLIST_KEY_UIApplicationSceneManifest_Generation = YES;
				INFOPLIST_KEY_UIApplicationSupportsIndirectInputEvents = YES;
				INFOPLIST_KEY_UILaunchScreen_Generation = YES;
				INFOPLIST_KEY_UISupportedInterfaceOrientations_iPad = "UIInterfaceOrientationPortrait UIInterfaceOrientationPortraitUpsideDown UIInterfaceOrientationLandscapeLeft UIInterfaceOrientationLandscapeRight";
				INFOPLIST_KEY_UISupportedInterfaceOrientations_iPhone = "UIInterfaceOrientationPortrait UIInterfaceOrientationLandscapeLeft UIInterfaceOrientationLandscapeRight";
				LD_RUNPATH_SEARCH_PATHS = (
					"$(inherited)",
					"@executable_path/Frameworks",
				);
				MARKETING_VERSION = 1.0;
				PRODUCT_BUNDLE_IDENTIFIER = uz.karavella.SwiftUiThree;
				PRODUCT_NAME = "$(TARGET_NAME)";
				SWIFT_EMIT_LOC_STRINGS = YES;
				SWIFT_VERSION = 5.0;
				TARGETED_DEVICE_FAMILY = "1,2";
			};
			name = Release;
		};
		8DE54DE128649EFF006FABF3 /* Debug */ = {
			isa = XCBuildConfiguration;
			buildSettings = {
				ALWAYS_EMBED_SWIFT_STANDARD_LIBRARIES = YES;
				BUNDLE_LOADER = "$(TEST_HOST)";
				CODE_SIGN_STYLE = Automatic;
				CURRENT_PROJECT_VERSION = 1;
				DEVELOPMENT_TEAM = 9D9LQFC4NQ;
				GENERATE_INFOPLIST_FILE = YES;
				IPHONEOS_DEPLOYMENT_TARGET = 15.5;
				MARKETING_VERSION = 1.0;
				PRODUCT_BUNDLE_IDENTIFIER = uz.karavella.SwiftUiThreeTests;
				PRODUCT_NAME = "$(TARGET_NAME)";
				SWIFT_EMIT_LOC_STRINGS = NO;
				SWIFT_VERSION = 5.0;
				TARGETED_DEVICE_FAMILY = "1,2";
				TEST_HOST = "$(BUILT_PRODUCTS_DIR)/SwiftUiThree.app/SwiftUiThree";
			};
			name = Debug;
		};
		8DE54DE228649EFF006FABF3 /* Release */ = {
			isa = XCBuildConfiguration;
			buildSettings = {
				ALWAYS_EMBED_SWIFT_STANDARD_LIBRARIES = YES;
				BUNDLE_LOADER = "$(TEST_HOST)";
				CODE_SIGN_STYLE = Automatic;
				CURRENT_PROJECT_VERSION = 1;
				DEVELOPMENT_TEAM = 9D9LQFC4NQ;
				GENERATE_INFOPLIST_FILE = YES;
				IPHONEOS_DEPLOYMENT_TARGET = 15.5;
				MARKETING_VERSION = 1.0;
				PRODUCT_BUNDLE_IDENTIFIER = uz.karavella.SwiftUiThreeTests;
				PRODUCT_NAME = "$(TARGET_NAME)";
				SWIFT_EMIT_LOC_STRINGS = NO;
				SWIFT_VERSION = 5.0;
				TARGETED_DEVICE_FAMILY = "1,2";
				TEST_HOST = "$(BUILT_PRODUCTS_DIR)/SwiftUiThree.app/SwiftUiThree";
			};
			name = Release;
		};
		8DE54DE428649EFF006FABF3 /* Debug */ = {
			isa = XCBuildConfiguration;
			buildSettings = {
				ALWAYS_EMBED_SWIFT_STANDARD_LIBRARIES = YES;
				CODE_SIGN_STYLE = Automatic;
				CURRENT_PROJECT_VERSION = 1;
				DEVELOPMENT_TEAM = 9D9LQFC4NQ;
				GENERATE_INFOPLIST_FILE = YES;
				MARKETING_VERSION = 1.0;
				PRODUCT_BUNDLE_IDENTIFIER = uz.karavella.SwiftUiThreeUITests;
				PRODUCT_NAME = "$(TARGET_NAME)";
				SWIFT_EMIT_LOC_STRINGS = NO;
				SWIFT_VERSION = 5.0;
				TARGETED_DEVICE_FAMILY = "1,2";
				TEST_TARGET_NAME = SwiftUiThree;
			};
			name = Debug;
		};
		8DE54DE528649EFF006FABF3 /* Release */ = {
			isa = XCBuildConfiguration;
			buildSettings = {
				ALWAYS_EMBED_SWIFT_STANDARD_LIBRARIES = YES;
				CODE_SIGN_STYLE = Automatic;
				CURRENT_PROJECT_VERSION = 1;
				DEVELOPMENT_TEAM = 9D9LQFC4NQ;
				GENERATE_INFOPLIST_FILE = YES;
				MARKETING_VERSION = 1.0;
				PRODUCT_BUNDLE_IDENTIFIER = uz.karavella.SwiftUiThreeUITests;
				PRODUCT_NAME = "$(TARGET_NAME)";
				SWIFT_EMIT_LOC_STRINGS = NO;
				SWIFT_VERSION = 5.0;
				TARGETED_DEVICE_FAMILY = "1,2";
				TEST_TARGET_NAME = SwiftUiThree;
			};
			name = Release;
		};
/* End XCBuildConfiguration section */

/* Begin XCConfigurationList section */
		8DE54DAF28649EFD006FABF3 /* Build configuration list for PBXProject "SwiftUiThree" */ = {
			isa = XCConfigurationList;
			buildConfigurations = (
				8DE54DDB28649EFF006FABF3 /* Debug */,
				8DE54DDC28649EFF006FABF3 /* Release */,
			);
			defaultConfigurationIsVisible = 0;
			defaultConfigurationName = Release;
		};
		8DE54DDD28649EFF006FABF3 /* Build configuration list for PBXNativeTarget "SwiftUiThree" */ = {
			isa = XCConfigurationList;
			buildConfigurations = (
				8DE54DDE28649EFF006FABF3 /* Debug */,
				8DE54DDF28649EFF006FABF3 /* Release */,
			);
			defaultConfigurationIsVisible = 0;
			defaultConfigurationName = Release;
		};
		8DE54DE028649EFF006FABF3 /* Build configuration list for PBXNativeTarget "SwiftUiThreeTests" */ = {
			isa = XCConfigurationList;
			buildConfigurations = (
				8DE54DE128649EFF006FABF3 /* Debug */,
				8DE54DE228649EFF006FABF3 /* Release */,
			);
			defaultConfigurationIsVisible = 0;
			defaultConfigurationName = Release;
		};
		8DE54DE328649EFF006FABF3 /* Build configuration list for PBXNativeTarget "SwiftUiThreeUITests" */ = {
			isa = XCConfigurationList;
			buildConfigurations = (
				8DE54DE428649EFF006FABF3 /* Debug */,
				8DE54DE528649EFF006FABF3 /* Release */,
			);
			defaultConfigurationIsVisible = 0;
			defaultConfigurationName = Release;
		};
/* End XCConfigurationList section */

/* Begin XCVersionGroup section */
		8DE54DC228649EFF006FABF3 /* SwiftUiThree.xcdatamodeld */ = {
			isa = XCVersionGroup;
			children = (
				8DE54DC328649EFF006FABF3 /* SwiftUiThree.xcdatamodel */,
			);
			currentVersion = 8DE54DC328649EFF006FABF3 /* SwiftUiThree.xcdatamodel */;
			path = SwiftUiThree.xcdatamodeld;
			sourceTree = "<group>";
			versionGroupType = wrapper.xcdatamodel;
		};
/* End XCVersionGroup section */
	};
	rootObject = 8DE54DAC28649EFD006FABF3 /* Project object */;
}
